{
  "version": "4",
  "specifiers": {
    "npm:@electric-sql/pglite@0.2.17": "0.2.17",
    "npm:zod@*": "3.24.2"
  },
  "npm": {
    "@electric-sql/pglite@0.2.17": {
      "integrity": "sha512-qEpKRT2oUaWDH6tjRxLHjdzMqRUGYDnGZlKrnL4dJ77JVMcP2Hpo3NYnOSPKdZdeec57B6QPprCUFg0picx5Pw=="
    },
    "zod@3.24.2": {
      "integrity": "sha512-lY7CDW43ECgW9u1TcT3IoXHflywfVqDYze4waEz812jR/bZ8FHDsl7pFQoSZTz5N+2NqRXs8GBwnAwo3ZNxqhQ=="
    }
  }
}
